
Microsoft Visual Studio Solution File, Format Version 12.00
# Visual Studio Version 16
VisualStudioVersion = 16.0.30320.27
MinimumVisualStudioVersion = 10.0.40219.1
Project("{FAE04EC0-301F-11D3-BF4B-00C04F79EFBC}") = "lista_tarefas_api", "lista_tarefas_api.csproj", "{1A7A2318-D26B-49D0-83A2-E93C236213E5}"
EndProject
Global
	GlobalSection(SolutionConfigurationPlatforms) = preSolution
		Debug|Any CPU = Debug|Any CPU
		Release|Any CPU = Release|Any CPU
	EndGlobalSection
	GlobalSection(ProjectConfigurationPlatforms) = postSolution
		{1A7A2318-D26B-49D0-83A2-E93C236213E5}.Debug|Any CPU.ActiveCfg = Debug|Any CPU
		{1A7A2318-D26B-49D0-83A2-E93C236213E5}.Debug|Any CPU.Build.0 = Debug|Any CPU
		{1A7A2318-D26B-49D0-83A2-E93C236213E5}.Release|Any CPU.ActiveCfg = Release|Any CPU
		{1A7A2318-D26B-49D0-83A2-E93C236213E5}.Release|Any CPU.Build.0 = Release|Any CPU
	EndGlobalSection
	GlobalSection(SolutionProperties) = preSolution
		HideSolutionNode = FALSE
	EndGlobalSection
	GlobalSection(ExtensibilityGlobals) = postSolution
		SolutionGuid = {3B157B28-61A1-4AD6-BA0B-BB684932490A}
	EndGlobalSection
EndGlobal
